
Microsoft Visual Studio Solution File, Format Version 12.00
# Visual Studio Version 16
VisualStudioVersion = 16.0.31129.286
MinimumVisualStudioVersion = 10.0.40219.1
Project("{9A19103F-16F7-4668-BE54-9A1E7A4F7556}") = "FinanceMgmt", "FinanceMgmt\FinanceMgmt.csproj", "{2EA6DA0E-09B9-49E8-85E1-074C7C11A88A}"
EndProject
Global
	GlobalSection(SolutionConfigurationPlatforms) = preSolution
		Debug|Any CPU = Debug|Any CPU
		Release|Any CPU = Release|Any CPU
	EndGlobalSection
	GlobalSection(ProjectConfigurationPlatforms) = postSolution
		{2EA6DA0E-09B9-49E8-85E1-074C7C11A88A}.Debug|Any CPU.ActiveCfg = Debug|Any CPU
		{2EA6DA0E-09B9-49E8-85E1-074C7C11A88A}.Debug|Any CPU.Build.0 = Debug|Any CPU
		{2EA6DA0E-09B9-49E8-85E1-074C7C11A88A}.Release|Any CPU.ActiveCfg = Release|Any CPU
		{2EA6DA0E-09B9-49E8-85E1-074C7C11A88A}.Release|Any CPU.Build.0 = Release|Any CPU
	EndGlobalSection
	GlobalSection(SolutionProperties) = preSolution
		HideSolutionNode = FALSE
	EndGlobalSection
	GlobalSection(ExtensibilityGlobals) = postSolution
		SolutionGuid = {54B91BD6-6146-473D-BA0F-154E4EE2824D}
	EndGlobalSection
EndGlobal
